
Microsoft Visual Studio Solution File, Format Version 12.00
# Visual Studio Version 16
VisualStudioVersion = 16.0.30503.244
MinimumVisualStudioVersion = 10.0.40219.1
Project("{FAE04EC0-301F-11D3-BF4B-00C04F79EFBC}") = "ScoutWPF", "ScoutWPF\ScoutWPF.csproj", "{9242FB53-58DF-4C62-A4AD-8B8A243E3EEC}"
EndProject
Global
	GlobalSection(SolutionConfigurationPlatforms) = preSolution
		Debug|Any CPU = Debug|Any CPU
		Release|Any CPU = Release|Any CPU
	EndGlobalSection
	GlobalSection(ProjectConfigurationPlatforms) = postSolution
		{9242FB53-58DF-4C62-A4AD-8B8A243E3EEC}.Debug|Any CPU.ActiveCfg = Debug|Any CPU
		{9242FB53-58DF-4C62-A4AD-8B8A243E3EEC}.Debug|Any CPU.Build.0 = Debug|Any CPU
		{9242FB53-58DF-4C62-A4AD-8B8A243E3EEC}.Release|Any CPU.ActiveCfg = Release|Any CPU
		{9242FB53-58DF-4C62-A4AD-8B8A243E3EEC}.Release|Any CPU.Build.0 = Release|Any CPU
	EndGlobalSection
	GlobalSection(SolutionProperties) = preSolution
		HideSolutionNode = FALSE
	EndGlobalSection
	GlobalSection(ExtensibilityGlobals) = postSolution
		SolutionGuid = {89B4BFD4-D373-4CE4-975F-19F2AD9C962B}
	EndGlobalSection
EndGlobal
